// !$*UTF8*$!
{
	archiveVersion = 1;
	classes = {
	};
	objectVersion = 46;
	objects = {

/* Begin PBXBuildFile section */
		6592887D1E3AC89F00F50132 /* AppDelegate.swift in Sources */ = {isa = PBXBuildFile; fileRef = 6592887C1E3AC89F00F50132 /* AppDelegate.swift */; };
		6592887F1E3AC89F00F50132 /* ViewController.swift in Sources */ = {isa = PBXBuildFile; fileRef = 6592887E1E3AC89F00F50132 /* ViewController.swift */; };
		659288821E3AC89F00F50132 /* Main.storyboard in Resources */ = {isa = PBXBuildFile; fileRef = 659288801E3AC89F00F50132 /* Main.storyboard */; };
		659288841E3AC89F00F50132 /* Assets.xcassets in Resources */ = {isa = PBXBuildFile; fileRef = 659288831E3AC89F00F50132 /* Assets.xcassets */; };
		659288871E3AC89F00F50132 /* LaunchScreen.storyboard in Resources */ = {isa = PBXBuildFile; fileRef = 659288851E3AC89F00F50132 /* LaunchScreen.storyboard */; };
/* End PBXBuildFile section */

/* Begin PBXFileReference section */
		659288791E3AC89F00F50132 /* SuiteLife.app */ = {isa = PBXFileReference; explicitFileType = wrapper.application; includeInIndex = 0; path = SuiteLife.app; sourceTree = BUILT_PRODUCTS_DIR; };
		6592887C1E3AC89F00F50132 /* AppDelegate.swift */ = {isa = PBXFileReference; lastKnownFileType = sourcecode.swift; path = AppDelegate.swift; sourceTree = "<group>"; };
		6592887E1E3AC89F00F50132 /* ViewController.swift */ = {isa = PBXFileReference; lastKnownFileType = sourcecode.swift; path = ViewController.swift; sourceTree = "<group>"; };
		659288811E3AC89F00F50132 /* Base */ = {isa = PBXFileReference; lastKnownFileType = file.storyboard; name = Base; path = Base.lproj/Main.storyboard; sourceTree = "<group>"; };
		659288831E3AC89F00F50132 /* Assets.xcassets */ = {isa = PBXFileReference; lastKnownFileType = folder.assetcatalog; path = Assets.xcassets; sourceTree = "<group>"; };
		659288861E3AC89F00F50132 /* Base */ = {isa = PBXFileReference; lastKnownFileType = file.storyboard; name = Base; path = Base.lproj/LaunchScreen.storyboard; sourceTree = "<group>"; };
		659288881E3AC89F00F50132 /* Info.plist */ = {isa = PBXFileReference; lastKnownFileType = text.plist.xml; path = Info.plist; sourceTree = "<group>"; };
/* End PBXFileReference section */

/* Begin PBXFrameworksBuildPhase section */
		659288761E3AC89E00F50132 /* Frameworks */ = {
			isa = PBXFrameworksBuildPhase;
			buildActionMask = 2147483647;
			files = (
			);
			runOnlyForDeploymentPostprocessing = 0;
		};
/* End PBXFrameworksBuildPhase section */

/* Begin PBXGroup section */
		659288701E3AC89E00F50132 = {
			isa = PBXGroup;
			children = (
				6592887B1E3AC89F00F50132 /* SuiteLife */,
				6592887A1E3AC89F00F50132 /* Products */,
			);
			sourceTree = "<group>";
		};
		6592887A1E3AC89F00F50132 /* Products */ = {
			isa = PBXGroup;
			children = (
				659288791E3AC89F00F50132 /* SuiteLife.app */,
			);
			name = Products;
			sourceTree = "<group>";
		};
		6592887B1E3AC89F00F50132 /* SuiteLife */ = {
			isa = PBXGroup;
			children = (
				6592887C1E3AC89F00F50132 /* AppDelegate.swift */,
				6592887E1E3AC89F00F50132 /* ViewController.swift */,
				659288801E3AC89F00F50132 /* Main.storyboard */,
				659288831E3AC89F00F50132 /* Assets.xcassets */,
				659288851E3AC89F00F50132 /* LaunchScreen.storyboard */,
				659288881E3AC89F00F50132 /* Info.plist */,
			);
			path = SuiteLife;
			sourceTree = "<group>";
		};
/* End PBXGroup section */

/* Begin PBXNativeTarget section */
		659288781E3AC89E00F50132 /* SuiteLife */ = {
			isa = PBXNativeTarget;
			buildConfigurationList = 6592888B1E3AC89F00F50132 /* Build configuration list for PBXNativeTarget "SuiteLife" */;
			buildPhases = (
				659288751E3AC89E00F50132 /* Sources */,
				659288761E3AC89E00F50132 /* Frameworks */,
				659288771E3AC89E00F50132 /* Resources */,
			);
			buildRules = (
			);
			dependencies = (
			);
			name = SuiteLife;
			productName = SuiteLife;
			productReference = 659288791E3AC89F00F50132 /* SuiteLife.app */;
			productType = "com.apple.product-type.application";
		};
/* End PBXNativeTarget section */

/* Begin PBXProject section */
		659288711E3AC89E00F50132 /* Project object */ = {
			isa = PBXProject;
			attributes = {
				LastSwiftUpdateCheck = 0820;
				LastUpgradeCheck = 0820;
				ORGANIZATIONNAME = "Cornell Suite Life";
				TargetAttributes = {
					659288781E3AC89E00F50132 = {
						CreatedOnToolsVersion = 8.2.1;
						DevelopmentTeam = RNCTC44528;
						ProvisioningStyle = Automatic;
					};
				};
			};
			buildConfigurationList = 659288741E3AC89E00F50132 /* Build configuration list for PBXProject "SuiteLife" */;
			compatibilityVersion = "Xcode 3.2";
			developmentRegion = English;
			hasScannedForEncodings = 0;
			knownRegions = (
				en,
				Base,
			);
			mainGroup = 659288701E3AC89E00F50132;
			productRefGroup = 6592887A1E3AC89F00F50132 /* Products */;
			projectDirPath = "";
			projectRoot = "";
			targets = (
				659288781E3AC89E00F50132 /* SuiteLife */,
			);
		};
/* End PBXProject section */

/* Begin PBXResourcesBuildPhase section */
		659288771E3AC89E00F50132 /* Resources */ = {
			isa = PBXResourcesBuildPhase;
			buildActionMask = 2147483647;
			files = (
				659288871E3AC89F00F50132 /* LaunchScreen.storyboard in Resources */,
				659288841E3AC89F00F50132 /* Assets.xcassets in Resources */,
				659288821E3AC89F00F50132 /* Main.storyboard in Resources */,
			);
			runOnlyForDeploymentPostprocessing = 0;
		};
/* End PBXResourcesBuildPhase section */

/* Begin PBXSourcesBuildPhase section */
		659288751E3AC89E00F50132 /* Sources */ = {
			isa = PBXSourcesBuildPhase;
			buildActionMask = 2147483647;
			files = (
				6592887F1E3AC89F00F50132 /* ViewController.swift in Sources */,
				6592887D1E3AC89F00F50132 /* AppDelegate.swift in Sources */,
			);
			runOnlyForDeploymentPostprocessing = 0;
		};
/* End PBXSourcesBuildPhase section */

/* Begin PBXVariantGroup section */
		659288801E3AC89F00F50132 /* Main.storyboard */ = {
			isa = PBXVariantGroup;
			children = (
				659288811E3AC89F00F50132 /* Base */,
			);
			name = Main.storyboard;
			sourceTree = "<group>";
		};
		659288851E3AC89F00F50132 /* LaunchScreen.storyboard */ = {
			isa = PBXVariantGroup;
			children = (
				659288861E3AC89F00F50132 /* Base */,
			);
			name = LaunchScreen.storyboard;
			sourceTree = "<group>";
		};
/* End PBXVariantGroup section */

/* Begin XCBuildConfiguration section */
		659288891E3AC89F00F50132 /* Debug */ = {
			isa = XCBuildConfiguration;
			buildSettings = {
				ALWAYS_SEARCH_USER_PATHS = NO;
				CLANG_ANALYZER_NONNULL = YES;
				CLANG_CXX_LANGUAGE_STANDARD = "gnu++0x";
				CLANG_CXX_LIBRARY = "libc++";
				CLANG_ENABLE_MODULES = YES;
				CLANG_ENABLE_OBJC_ARC = YES;
				CLANG_WARN_BOOL_CONVERSION = YES;
				CLANG_WARN_CONSTANT_CONVERSION = YES;
				CLANG_WARN_DIRECT_OBJC_ISA_USAGE = YES_ERROR;
				CLANG_WARN_DOCUMENTATION_COMMENTS = YES;
				CLANG_WARN_EMPTY_BODY = YES;
				CLANG_WARN_ENUM_CONVERSION = YES;
				CLANG_WARN_INFINITE_RECURSION = YES;
				CLANG_WARN_INT_CONVERSION = YES;
				CLANG_WARN_OBJC_ROOT_CLASS = YES_ERROR;
				CLANG_WARN_SUSPICIOUS_MOVE = YES;
				CLANG_WARN_UNREACHABLE_CODE = YES;
				CLANG_WARN__DUPLICATE_METHOD_MATCH = YES;
				"CODE_SIGN_IDENTITY[sdk=iphoneos*]" = "iPhone Developer";
				COPY_PHASE_STRIP = NO;
				DEBUG_INFORMATION_FORMAT = dwarf;
				ENABLE_STRICT_OBJC_MSGSEND = YES;
				ENABLE_TESTABILITY = YES;
				GCC_C_LANGUAGE_STANDARD = gnu99;
				GCC_DYNAMIC_NO_PIC = NO;
				GCC_NO_COMMON_BLOCKS = YES;
				GCC_OPTIMIZATION_LEVEL = 0;
				GCC_PREPROCESSOR_DEFINITIONS = (
					"DEBUG=1",
					"$(inherited)",
				);
				GCC_WARN_64_TO_32_BIT_CONVERSION = YES;
				GCC_WARN_ABOUT_RETURN_TYPE = YES_ERROR;
				GCC_WARN_UNDECLARED_SELECTOR = YES;
				GCC_WARN_UNINITIALIZED_AUTOS = YES_AGGRESSIVE;
				GCC_WARN_UNUSED_FUNCTION = YES;
				GCC_WARN_UNUSED_VARIABLE = YES;
				IPHONEOS_DEPLOYMENT_TARGET = 10.2;
				MTL_ENABLE_DEBUG_INFO = YES;
				ONLY_ACTIVE_ARCH = YES;
				SDKROOT = iphoneos;
				SWIFT_ACTIVE_COMPILATION_CONDITIONS = DEBUG;
				SWIFT_OPTIMIZATION_LEVEL = "-Onone";
			};
			name = Debug;
		};
		6592888A1E3AC89F00F50132 /* Release */ = {
			isa = XCBuildConfiguration;
			buildSettings = {
				ALWAYS_SEARCH_USER_PATHS = NO;
				CLANG_ANALYZER_NONNULL = YES;
				CLANG_CXX_LANGUAGE_STANDARD = "gnu++0x";
				CLANG_CXX_LIBRARY = "libc++";
				CLANG_ENABLE_MODULES = YES;
				CLANG_ENABLE_OBJC_ARC = YES;
				CLANG_WARN_BOOL_CONVERSION = YES;
				CLANG_WARN_CONSTANT_CONVERSION = YES;
				CLANG_WARN_DIRECT_OBJC_ISA_USAGE = YES_ERROR;
				CLANG_WARN_DOCUMENTATION_COMMENTS = YES;
				CLANG_WARN_EMPTY_BODY = YES;
				CLANG_WARN_ENUM_CONVERSION = YES;
				CLANG_WARN_INFINITE_RECURSION = YES;
				CLANG_WARN_INT_CONVERSION = YES;
				CLANG_WARN_OBJC_ROOT_CLASS = YES_ERROR;
				CLANG_WARN_SUSPICIOUS_MOVE = YES;
				CLANG_WARN_UNREACHABLE_CODE = YES;
				CLANG_WARN__DUPLICATE_METHOD_MATCH = YES;
				"CODE_SIGN_IDENTITY[sdk=iphoneos*]" = "iPhone Developer";
				COPY_PHASE_STRIP = NO;
				DEBUG_INFORMATION_FORMAT = "dwarf-with-dsym";
				ENABLE_NS_ASSERTIONS = NO;
				ENABLE_STRICT_OBJC_MSGSEND = YES;
				GCC_C_LANGUAGE_STANDARD = gnu99;
				GCC_NO_COMMON_BLOCKS = YES;
				GCC_WARN_64_TO_32_BIT_CONVERSION = YES;
				GCC_WARN_ABOUT_RETURN_TYPE = YES_ERROR;
				GCC_WARN_UNDECLARED_SELECTOR = YES;
				GCC_WARN_UNINITIALIZED_AUTOS = YES_AGGRESSIVE;
				GCC_WARN_UNUSED_FUNCTION = YES;
				GCC_WARN_UNUSED_VARIABLE = YES;
				IPHONEOS_DEPLOYMENT_TARGET = 10.2;
				MTL_ENABLE_DEBUG_INFO = NO;
				SDKROOT = iphoneos;
				SWIFT_OPTIMIZATION_LEVEL = "-Owholemodule";
				VALIDATE_PRODUCT = YES;
			};
			name = Release;
		};
		6592888C1E3AC89F00F50132 /* Debug */ = {
			isa = XCBuildConfiguration;
			buildSettings = {
				ASSETCATALOG_COMPILER_APPICON_NAME = AppIcon;
				DEVELOPMENT_TEAM = RNCTC44528;
				INFOPLIST_FILE = SuiteLife/Info.plist;
				LD_RUNPATH_SEARCH_PATHS = "$(inherited) @executable_path/Frameworks";
				PRODUCT_BUNDLE_IDENTIFIER = "com.cornell-suitelife.SuiteLife";
				PRODUCT_NAME = "$(TARGET_NAME)";
				SWIFT_VERSION = 3.0;
			};
			name = Debug;
		};
		6592888D1E3AC89F00F50132 /* Release */ = {
			isa = XCBuildConfiguration;
			buildSettings = {
				ASSETCATALOG_COMPILER_APPICON_NAME = AppIcon;
				DEVELOPMENT_TEAM = RNCTC44528;
				INFOPLIST_FILE = SuiteLife/Info.plist;
				LD_RUNPATH_SEARCH_PATHS = "$(inherited) @executable_path/Frameworks";
				PRODUCT_BUNDLE_IDENTIFIER = "com.cornell-suitelife.SuiteLife";
				PRODUCT_NAME = "$(TARGET_NAME)";
				SWIFT_VERSION = 3.0;
			};
			name = Release;
		};
/* End XCBuildConfiguration section */

/* Begin XCConfigurationList section */
		659288741E3AC89E00F50132 /* Build configuration list for PBXProject "SuiteLife" */ = {
			isa = XCConfigurationList;
			buildConfigurations = (
				659288891E3AC89F00F50132 /* Debug */,
				6592888A1E3AC89F00F50132 /* Release */,
			);
			defaultConfigurationIsVisible = 0;
			defaultConfigurationName = Release;
		};
		6592888B1E3AC89F00F50132 /* Build configuration list for PBXNativeTarget "SuiteLife" */ = {
			isa = XCConfigurationList;
			buildConfigurations = (
				6592888C1E3AC89F00F50132 /* Debug */,
				6592888D1E3AC89F00F50132 /* Release */,
			);
			defaultConfigurationIsVisible = 0;
		};
/* End XCConfigurationList section */
	};
	rootObject = 659288711E3AC89E00F50132 /* Project object */;
}
